
Microsoft Visual Studio Solution File, Format Version 12.00
# Visual Studio Version 17
VisualStudioVersion = 17.2.32630.192
MinimumVisualStudioVersion = 10.0.40219.1
Project("{FAE04EC0-301F-11D3-BF4B-00C04F79EFBC}") = "Minf_Tp4", "Minf_Tp4.csproj", "{0BAC7295-05B3-482A-99F1-08C627B07AAF}"
EndProject
Global
	GlobalSection(SolutionConfigurationPlatforms) = preSolution
		Debug|Any CPU = Debug|Any CPU
		Release|Any CPU = Release|Any CPU
	EndGlobalSection
	GlobalSection(ProjectConfigurationPlatforms) = postSolution
		{0BAC7295-05B3-482A-99F1-08C627B07AAF}.Debug|Any CPU.ActiveCfg = Debug|Any CPU
		{0BAC7295-05B3-482A-99F1-08C627B07AAF}.Debug|Any CPU.Build.0 = Debug|Any CPU
		{0BAC7295-05B3-482A-99F1-08C627B07AAF}.Release|Any CPU.ActiveCfg = Release|Any CPU
		{0BAC7295-05B3-482A-99F1-08C627B07AAF}.Release|Any CPU.Build.0 = Release|Any CPU
	EndGlobalSection
	GlobalSection(SolutionProperties) = preSolution
		HideSolutionNode = FALSE
	EndGlobalSection
	GlobalSection(ExtensibilityGlobals) = postSolution
		SolutionGuid = {5CB9B881-C70B-4460-A6D5-4A647652E8C8}
	EndGlobalSection
EndGlobal
